
Microsoft Visual Studio Solution File, Format Version 12.00
# Visual Studio Version 16
VisualStudioVersion = 16.0.29215.179
MinimumVisualStudioVersion = 10.0.40219.1
Project("{2150E333-8FDC-42A3-9474-1A3956D46DE8}") = "Core", "Core", "{A71D2086-5E98-4C54-8195-82C496CB8F61}"
EndProject
Project("{2150E333-8FDC-42A3-9474-1A3956D46DE8}") = "Infrastructure", "Infrastructure", "{01F0EE8A-2E44-4581-B384-66BC354EA00F}"
EndProject
Project("{2150E333-8FDC-42A3-9474-1A3956D46DE8}") = "UI", "UI", "{21AA1734-1723-44D1-B6E2-F2BA71A61222}"
EndProject
Project("{FAE04EC0-301F-11D3-BF4B-00C04F79EFBC}") = "Infrastructure.Data", "Infrastructure.Data\Infrastructure.Data.csproj", "{DAAC6DAC-C966-4439-9627-CE84832DFAA6}"
EndProject
Project("{FAE04EC0-301F-11D3-BF4B-00C04F79EFBC}") = "MiniBank.Core", "MiniBank.Core\MiniBank.Core.csproj", "{BA27482D-5975-4D37-84B6-06519F994E48}"
EndProject
Project("{FAE04EC0-301F-11D3-BF4B-00C04F79EFBC}") = "MiniBank.Core.Entities", "MiniBank.Core.Entities\MiniBank.Core.Entities.csproj", "{5CF1F870-9684-4BDD-8E98-923FC59A2BED}"
EndProject
Project("{FAE04EC0-301F-11D3-BF4B-00C04F79EFBC}") = "MiniBank.UI.API", "MiniBank.UI.API\MiniBank.UI.API.csproj", "{70580622-DCBD-4DE0-A3A3-1968D4E5DC32}"
EndProject
Global
	GlobalSection(SolutionConfigurationPlatforms) = preSolution
		Debug|Any CPU = Debug|Any CPU
		Release|Any CPU = Release|Any CPU
	EndGlobalSection
	GlobalSection(ProjectConfigurationPlatforms) = postSolution
		{DAAC6DAC-C966-4439-9627-CE84832DFAA6}.Debug|Any CPU.ActiveCfg = Debug|Any CPU
		{DAAC6DAC-C966-4439-9627-CE84832DFAA6}.Debug|Any CPU.Build.0 = Debug|Any CPU
		{DAAC6DAC-C966-4439-9627-CE84832DFAA6}.Release|Any CPU.ActiveCfg = Release|Any CPU
		{DAAC6DAC-C966-4439-9627-CE84832DFAA6}.Release|Any CPU.Build.0 = Release|Any CPU
		{BA27482D-5975-4D37-84B6-06519F994E48}.Debug|Any CPU.ActiveCfg = Debug|Any CPU
		{BA27482D-5975-4D37-84B6-06519F994E48}.Debug|Any CPU.Build.0 = Debug|Any CPU
		{BA27482D-5975-4D37-84B6-06519F994E48}.Release|Any CPU.ActiveCfg = Release|Any CPU
		{BA27482D-5975-4D37-84B6-06519F994E48}.Release|Any CPU.Build.0 = Release|Any CPU
		{5CF1F870-9684-4BDD-8E98-923FC59A2BED}.Debug|Any CPU.ActiveCfg = Debug|Any CPU
		{5CF1F870-9684-4BDD-8E98-923FC59A2BED}.Debug|Any CPU.Build.0 = Debug|Any CPU
		{5CF1F870-9684-4BDD-8E98-923FC59A2BED}.Release|Any CPU.ActiveCfg = Release|Any CPU
		{5CF1F870-9684-4BDD-8E98-923FC59A2BED}.Release|Any CPU.Build.0 = Release|Any CPU
		{70580622-DCBD-4DE0-A3A3-1968D4E5DC32}.Debug|Any CPU.ActiveCfg = Debug|Any CPU
		{70580622-DCBD-4DE0-A3A3-1968D4E5DC32}.Debug|Any CPU.Build.0 = Debug|Any CPU
		{70580622-DCBD-4DE0-A3A3-1968D4E5DC32}.Release|Any CPU.ActiveCfg = Release|Any CPU
		{70580622-DCBD-4DE0-A3A3-1968D4E5DC32}.Release|Any CPU.Build.0 = Release|Any CPU
	EndGlobalSection
	GlobalSection(SolutionProperties) = preSolution
		HideSolutionNode = FALSE
	EndGlobalSection
	GlobalSection(NestedProjects) = preSolution
		{DAAC6DAC-C966-4439-9627-CE84832DFAA6} = {01F0EE8A-2E44-4581-B384-66BC354EA00F}
		{BA27482D-5975-4D37-84B6-06519F994E48} = {A71D2086-5E98-4C54-8195-82C496CB8F61}
		{5CF1F870-9684-4BDD-8E98-923FC59A2BED} = {A71D2086-5E98-4C54-8195-82C496CB8F61}
		{70580622-DCBD-4DE0-A3A3-1968D4E5DC32} = {21AA1734-1723-44D1-B6E2-F2BA71A61222}
	EndGlobalSection
	GlobalSection(ExtensibilityGlobals) = postSolution
		SolutionGuid = {F9DF9100-A7DD-46E8-9642-0616FB9355A2}
	EndGlobalSection
EndGlobal
